// !$*UTF8*$!
{
	archiveVersion = 1;
	classes = {
	};
	objectVersion = 46;
	objects = {

/* Begin PBXBuildFile section */
		E9C318CB1B74051600C498C5 /* DiceRoller.swift in Sources */ = {isa = PBXBuildFile; fileRef = E9C318CA1B74051600C498C5 /* DiceRoller.swift */; };
		E9C318E21B742D3400C498C5 /* DiceResultsViewController.swift in Sources */ = {isa = PBXBuildFile; fileRef = E9C318E01B742D3400C498C5 /* DiceResultsViewController.swift */; };
		E9C318E31B742D3400C498C5 /* DiceResultsViewController.xib in Resources */ = {isa = PBXBuildFile; fileRef = E9C318E11B742D3400C498C5 /* DiceResultsViewController.xib */; };
		E9C318E71B7432FF00C498C5 /* ResultsData.swift in Sources */ = {isa = PBXBuildFile; fileRef = E9C318E61B7432FF00C498C5 /* ResultsData.swift */; };
		E9C318ED1B7444D400C498C5 /* EventMonitor.swift in Sources */ = {isa = PBXBuildFile; fileRef = E9C318EC1B7444D400C498C5 /* EventMonitor.swift */; };
		E9FEFAA81B74002A0091B698 /* AppDelegate.swift in Sources */ = {isa = PBXBuildFile; fileRef = E9FEFAA71B74002A0091B698 /* AppDelegate.swift */; };
		E9FEFAAA1B74002A0091B698 /* Assets.xcassets in Resources */ = {isa = PBXBuildFile; fileRef = E9FEFAA91B74002A0091B698 /* Assets.xcassets */; };
		E9FEFAAD1B74002A0091B698 /* MainMenu.xib in Resources */ = {isa = PBXBuildFile; fileRef = E9FEFAAB1B74002A0091B698 /* MainMenu.xib */; };
		E9FEFAB81B7401860091B698 /* DiceRollerViewController.swift in Sources */ = {isa = PBXBuildFile; fileRef = E9FEFAB61B7401860091B698 /* DiceRollerViewController.swift */; };
		E9FEFAB91B7401860091B698 /* DiceRollerViewController.xib in Resources */ = {isa = PBXBuildFile; fileRef = E9FEFAB71B7401860091B698 /* DiceRollerViewController.xib */; };
/* End PBXBuildFile section */

/* Begin PBXContainerItemProxy section */
		E9C318D71B74060500C498C5 /* PBXContainerItemProxy */ = {
			isa = PBXContainerItemProxy;
			containerPortal = E9FEFA9C1B74002A0091B698 /* Project object */;
			proxyType = 1;
			remoteGlobalIDString = E9FEFAA31B74002A0091B698;
			remoteInfo = "Menubar D20";
		};
/* End PBXContainerItemProxy section */

/* Begin PBXFileReference section */
		E9C318CA1B74051600C498C5 /* DiceRoller.swift */ = {isa = PBXFileReference; fileEncoding = 4; lastKnownFileType = sourcecode.swift; path = DiceRoller.swift; sourceTree = "<group>"; };
		E9C318D21B74060500C498C5 /* Menubar D20Tests.xctest */ = {isa = PBXFileReference; explicitFileType = wrapper.cfbundle; includeInIndex = 0; path = "Menubar D20Tests.xctest"; sourceTree = BUILT_PRODUCTS_DIR; };
		E9C318E01B742D3400C498C5 /* DiceResultsViewController.swift */ = {isa = PBXFileReference; fileEncoding = 4; lastKnownFileType = sourcecode.swift; path = DiceResultsViewController.swift; sourceTree = "<group>"; };
		E9C318E11B742D3400C498C5 /* DiceResultsViewController.xib */ = {isa = PBXFileReference; fileEncoding = 4; lastKnownFileType = file.xib; path = DiceResultsViewController.xib; sourceTree = "<group>"; };
		E9C318E61B7432FF00C498C5 /* ResultsData.swift */ = {isa = PBXFileReference; fileEncoding = 4; lastKnownFileType = sourcecode.swift; path = ResultsData.swift; sourceTree = "<group>"; };
		E9C318EC1B7444D400C498C5 /* EventMonitor.swift */ = {isa = PBXFileReference; fileEncoding = 4; lastKnownFileType = sourcecode.swift; path = EventMonitor.swift; sourceTree = "<group>"; };
		E9FEFAA41B74002A0091B698 /* Menubar D20.app */ = {isa = PBXFileReference; explicitFileType = wrapper.application; includeInIndex = 0; path = "Menubar D20.app"; sourceTree = BUILT_PRODUCTS_DIR; };
		E9FEFAA71B74002A0091B698 /* AppDelegate.swift */ = {isa = PBXFileReference; lastKnownFileType = sourcecode.swift; path = AppDelegate.swift; sourceTree = "<group>"; };
		E9FEFAA91B74002A0091B698 /* Assets.xcassets */ = {isa = PBXFileReference; lastKnownFileType = folder.assetcatalog; path = Assets.xcassets; sourceTree = "<group>"; };
		E9FEFAAC1B74002A0091B698 /* Base */ = {isa = PBXFileReference; lastKnownFileType = file.xib; name = Base; path = Base.lproj/MainMenu.xib; sourceTree = "<group>"; };
		E9FEFAAE1B74002A0091B698 /* Info.plist */ = {isa = PBXFileReference; lastKnownFileType = text.plist.xml; path = Info.plist; sourceTree = "<group>"; };
		E9FEFAB61B7401860091B698 /* DiceRollerViewController.swift */ = {isa = PBXFileReference; fileEncoding = 4; lastKnownFileType = sourcecode.swift; path = DiceRollerViewController.swift; sourceTree = "<group>"; };
		E9FEFAB71B7401860091B698 /* DiceRollerViewController.xib */ = {isa = PBXFileReference; fileEncoding = 4; lastKnownFileType = file.xib; path = DiceRollerViewController.xib; sourceTree = "<group>"; };
/* End PBXFileReference section */

/* Begin PBXFrameworksBuildPhase section */
		E9C318CF1B74060500C498C5 /* Frameworks */ = {
			isa = PBXFrameworksBuildPhase;
			buildActionMask = 2147483647;
			files = (
			);
			runOnlyForDeploymentPostprocessing = 0;
		};
		E9FEFAA11B74002A0091B698 /* Frameworks */ = {
			isa = PBXFrameworksBuildPhase;
			buildActionMask = 2147483647;
			files = (
			);
			runOnlyForDeploymentPostprocessing = 0;
		};
/* End PBXFrameworksBuildPhase section */

/* Begin PBXGroup section */
		E9FEFA9B1B74002A0091B698 = {
			isa = PBXGroup;
			children = (
				E9FEFAA61B74002A0091B698 /* Menubar D20 */,
				E9FEFAA51B74002A0091B698 /* Products */,
			);
			sourceTree = "<group>";
		};
		E9FEFAA51B74002A0091B698 /* Products */ = {
			isa = PBXGroup;
			children = (
				E9FEFAA41B74002A0091B698 /* Menubar D20.app */,
				E9C318D21B74060500C498C5 /* Menubar D20Tests.xctest */,
			);
			name = Products;
			sourceTree = "<group>";
		};
		E9FEFAA61B74002A0091B698 /* Menubar D20 */ = {
			isa = PBXGroup;
			children = (
				E9FEFAAE1B74002A0091B698 /* Info.plist */,
				E9FEFAA71B74002A0091B698 /* AppDelegate.swift */,
				E9C318E01B742D3400C498C5 /* DiceResultsViewController.swift */,
				E9C318CA1B74051600C498C5 /* DiceRoller.swift */,
				E9FEFAB61B7401860091B698 /* DiceRollerViewController.swift */,
				E9C318EC1B7444D400C498C5 /* EventMonitor.swift */,
				E9C318E61B7432FF00C498C5 /* ResultsData.swift */,
				E9FEFAA91B74002A0091B698 /* Assets.xcassets */,
				E9C318E11B742D3400C498C5 /* DiceResultsViewController.xib */,
				E9FEFAB71B7401860091B698 /* DiceRollerViewController.xib */,
				E9FEFAAB1B74002A0091B698 /* MainMenu.xib */,
			);
			path = "Menubar D20";
			sourceTree = "<group>";
		};
/* End PBXGroup section */

/* Begin PBXNativeTarget section */
		E9C318D11B74060500C498C5 /* Menubar D20Tests */ = {
			isa = PBXNativeTarget;
			buildConfigurationList = E9C318D91B74060500C498C5 /* Build configuration list for PBXNativeTarget "Menubar D20Tests" */;
			buildPhases = (
				E9C318CE1B74060500C498C5 /* Sources */,
				E9C318CF1B74060500C498C5 /* Frameworks */,
				E9C318D01B74060500C498C5 /* Resources */,
			);
			buildRules = (
			);
			dependencies = (
				E9C318D81B74060500C498C5 /* PBXTargetDependency */,
			);
			name = "Menubar D20Tests";
			productName = "Menubar D20Tests";
			productReference = E9C318D21B74060500C498C5 /* Menubar D20Tests.xctest */;
			productType = "com.apple.product-type.bundle.unit-test";
		};
		E9FEFAA31B74002A0091B698 /* Menubar D20 */ = {
			isa = PBXNativeTarget;
			buildConfigurationList = E9FEFAB11B74002A0091B698 /* Build configuration list for PBXNativeTarget "Menubar D20" */;
			buildPhases = (
				E9FEFAA01B74002A0091B698 /* Sources */,
				E9FEFAA11B74002A0091B698 /* Frameworks */,
				E9FEFAA21B74002A0091B698 /* Resources */,
			);
			buildRules = (
			);
			dependencies = (
			);
			name = "Menubar D20";
			productName = "Menubar D20";
			productReference = E9FEFAA41B74002A0091B698 /* Menubar D20.app */;
			productType = "com.apple.product-type.application";
		};
/* End PBXNativeTarget section */

/* Begin PBXProject section */
		E9FEFA9C1B74002A0091B698 /* Project object */ = {
			isa = PBXProject;
			attributes = {
				LastUpgradeCheck = 0700;
				ORGANIZATIONNAME = "Camden Bickel";
				TargetAttributes = {
					E9C318D11B74060500C498C5 = {
						CreatedOnToolsVersion = 7.0;
						TestTargetID = E9FEFAA31B74002A0091B698;
					};
					E9FEFAA31B74002A0091B698 = {
						CreatedOnToolsVersion = 7.0;
					};
				};
			};
			buildConfigurationList = E9FEFA9F1B74002A0091B698 /* Build configuration list for PBXProject "Menubar D20" */;
			compatibilityVersion = "Xcode 3.2";
			developmentRegion = English;
			hasScannedForEncodings = 0;
			knownRegions = (
				en,
				Base,
			);
			mainGroup = E9FEFA9B1B74002A0091B698;
			productRefGroup = E9FEFAA51B74002A0091B698 /* Products */;
			projectDirPath = "";
			projectRoot = "";
			targets = (
				E9FEFAA31B74002A0091B698 /* Menubar D20 */,
				E9C318D11B74060500C498C5 /* Menubar D20Tests */,
			);
		};
/* End PBXProject section */

/* Begin PBXResourcesBuildPhase section */
		E9C318D01B74060500C498C5 /* Resources */ = {
			isa = PBXResourcesBuildPhase;
			buildActionMask = 2147483647;
			files = (
			);
			runOnlyForDeploymentPostprocessing = 0;
		};
		E9FEFAA21B74002A0091B698 /* Resources */ = {
			isa = PBXResourcesBuildPhase;
			buildActionMask = 2147483647;
			files = (
				E9C318E31B742D3400C498C5 /* DiceResultsViewController.xib in Resources */,
				E9FEFAAA1B74002A0091B698 /* Assets.xcassets in Resources */,
				E9FEFAB91B7401860091B698 /* DiceRollerViewController.xib in Resources */,
				E9FEFAAD1B74002A0091B698 /* MainMenu.xib in Resources */,
			);
			runOnlyForDeploymentPostprocessing = 0;
		};
/* End PBXResourcesBuildPhase section */

/* Begin PBXSourcesBuildPhase section */
		E9C318CE1B74060500C498C5 /* Sources */ = {
			isa = PBXSourcesBuildPhase;
			buildActionMask = 2147483647;
			files = (
			);
			runOnlyForDeploymentPostprocessing = 0;
		};
		E9FEFAA01B74002A0091B698 /* Sources */ = {
			isa = PBXSourcesBuildPhase;
			buildActionMask = 2147483647;
			files = (
				E9C318E21B742D3400C498C5 /* DiceResultsViewController.swift in Sources */,
				E9FEFAA81B74002A0091B698 /* AppDelegate.swift in Sources */,
				E9FEFAB81B7401860091B698 /* DiceRollerViewController.swift in Sources */,
				E9C318ED1B7444D400C498C5 /* EventMonitor.swift in Sources */,
				E9C318E71B7432FF00C498C5 /* ResultsData.swift in Sources */,
				E9C318CB1B74051600C498C5 /* DiceRoller.swift in Sources */,
			);
			runOnlyForDeploymentPostprocessing = 0;
		};
/* End PBXSourcesBuildPhase section */

/* Begin PBXTargetDependency section */
		E9C318D81B74060500C498C5 /* PBXTargetDependency */ = {
			isa = PBXTargetDependency;
			target = E9FEFAA31B74002A0091B698 /* Menubar D20 */;
			targetProxy = E9C318D71B74060500C498C5 /* PBXContainerItemProxy */;
		};
/* End PBXTargetDependency section */

/* Begin PBXVariantGroup section */
		E9FEFAAB1B74002A0091B698 /* MainMenu.xib */ = {
			isa = PBXVariantGroup;
			children = (
				E9FEFAAC1B74002A0091B698 /* Base */,
			);
			name = MainMenu.xib;
			sourceTree = "<group>";
		};
/* End PBXVariantGroup section */

/* Begin XCBuildConfiguration section */
		E9C318DA1B74060500C498C5 /* Debug */ = {
			isa = XCBuildConfiguration;
			buildSettings = {
				BUNDLE_LOADER = "$(TEST_HOST)";
				COMBINE_HIDPI_IMAGES = YES;
				INFOPLIST_FILE = "Menubar D20Tests/Info.plist";
				LD_RUNPATH_SEARCH_PATHS = "$(inherited) @executable_path/../Frameworks @loader_path/../Frameworks";
				PRODUCT_BUNDLE_IDENTIFIER = "com.camdenbickel.Menubar-D20Tests";
				PRODUCT_NAME = "$(TARGET_NAME)";
				TEST_HOST = "$(BUILT_PRODUCTS_DIR)/Menubar D20.app/Contents/MacOS/Menubar D20";
			};
			name = Debug;
		};
		E9C318DB1B74060500C498C5 /* Release */ = {
			isa = XCBuildConfiguration;
			buildSettings = {
				BUNDLE_LOADER = "$(TEST_HOST)";
				COMBINE_HIDPI_IMAGES = YES;
				INFOPLIST_FILE = "Menubar D20Tests/Info.plist";
				LD_RUNPATH_SEARCH_PATHS = "$(inherited) @executable_path/../Frameworks @loader_path/../Frameworks";
				PRODUCT_BUNDLE_IDENTIFIER = "com.camdenbickel.Menubar-D20Tests";
				PRODUCT_NAME = "$(TARGET_NAME)";
				TEST_HOST = "$(BUILT_PRODUCTS_DIR)/Menubar D20.app/Contents/MacOS/Menubar D20";
			};
			name = Release;
		};
		E9FEFAAF1B74002A0091B698 /* Debug */ = {
			isa = XCBuildConfiguration;
			buildSettings = {
				ALWAYS_SEARCH_USER_PATHS = NO;
				CLANG_CXX_LANGUAGE_STANDARD = "gnu++0x";
				CLANG_CXX_LIBRARY = "libc++";
				CLANG_ENABLE_MODULES = YES;
				CLANG_ENABLE_OBJC_ARC = YES;
				CLANG_WARN_BOOL_CONVERSION = YES;
				CLANG_WARN_CONSTANT_CONVERSION = YES;
				CLANG_WARN_DIRECT_OBJC_ISA_USAGE = YES_ERROR;
				CLANG_WARN_EMPTY_BODY = YES;
				CLANG_WARN_ENUM_CONVERSION = YES;
				CLANG_WARN_INT_CONVERSION = YES;
				CLANG_WARN_OBJC_ROOT_CLASS = YES_ERROR;
				CLANG_WARN_UNREACHABLE_CODE = YES;
				CLANG_WARN__DUPLICATE_METHOD_MATCH = YES;
				CODE_SIGN_IDENTITY = "-";
				COPY_PHASE_STRIP = NO;
				DEBUG_INFORMATION_FORMAT = dwarf;
				ENABLE_STRICT_OBJC_MSGSEND = YES;
				ENABLE_TESTABILITY = YES;
				GCC_C_LANGUAGE_STANDARD = gnu99;
				GCC_DYNAMIC_NO_PIC = NO;
				GCC_NO_COMMON_BLOCKS = YES;
				GCC_OPTIMIZATION_LEVEL = 0;
				GCC_PREPROCESSOR_DEFINITIONS = (
					"DEBUG=1",
					"$(inherited)",
				);
				GCC_WARN_64_TO_32_BIT_CONVERSION = YES;
				GCC_WARN_ABOUT_RETURN_TYPE = YES_ERROR;
				GCC_WARN_UNDECLARED_SELECTOR = YES;
				GCC_WARN_UNINITIALIZED_AUTOS = YES_AGGRESSIVE;
				GCC_WARN_UNUSED_FUNCTION = YES;
				GCC_WARN_UNUSED_VARIABLE = YES;
				MACOSX_DEPLOYMENT_TARGET = 10.10;
				MTL_ENABLE_DEBUG_INFO = YES;
				ONLY_ACTIVE_ARCH = YES;
				SDKROOT = macosx;
				SWIFT_OPTIMIZATION_LEVEL = "-Onone";
			};
			name = Debug;
		};
		E9FEFAB01B74002A0091B698 /* Release */ = {
			isa = XCBuildConfiguration;
			buildSettings = {
				ALWAYS_SEARCH_USER_PATHS = NO;
				CLANG_CXX_LANGUAGE_STANDARD = "gnu++0x";
				CLANG_CXX_LIBRARY = "libc++";
				CLANG_ENABLE_MODULES = YES;
				CLANG_ENABLE_OBJC_ARC = YES;
				CLANG_WARN_BOOL_CONVERSION = YES;
				CLANG_WARN_CONSTANT_CONVERSION = YES;
				CLANG_WARN_DIRECT_OBJC_ISA_USAGE = YES_ERROR;
				CLANG_WARN_EMPTY_BODY = YES;
				CLANG_WARN_ENUM_CONVERSION = YES;
				CLANG_WARN_INT_CONVERSION = YES;
				CLANG_WARN_OBJC_ROOT_CLASS = YES_ERROR;
				CLANG_WARN_UNREACHABLE_CODE = YES;
				CLANG_WARN__DUPLICATE_METHOD_MATCH = YES;
				CODE_SIGN_IDENTITY = "-";
				COPY_PHASE_STRIP = NO;
				DEBUG_INFORMATION_FORMAT = "dwarf-with-dsym";
				ENABLE_NS_ASSERTIONS = NO;
				ENABLE_STRICT_OBJC_MSGSEND = YES;
				GCC_C_LANGUAGE_STANDARD = gnu99;
				GCC_NO_COMMON_BLOCKS = YES;
				GCC_WARN_64_TO_32_BIT_CONVERSION = YES;
				GCC_WARN_ABOUT_RETURN_TYPE = YES_ERROR;
				GCC_WARN_UNDECLARED_SELECTOR = YES;
				GCC_WARN_UNINITIALIZED_AUTOS = YES_AGGRESSIVE;
				GCC_WARN_UNUSED_FUNCTION = YES;
				GCC_WARN_UNUSED_VARIABLE = YES;
				MACOSX_DEPLOYMENT_TARGET = 10.10;
				MTL_ENABLE_DEBUG_INFO = NO;
				SDKROOT = macosx;
			};
			name = Release;
		};
		E9FEFAB21B74002A0091B698 /* Debug */ = {
			isa = XCBuildConfiguration;
			buildSettings = {
				ASSETCATALOG_COMPILER_APPICON_NAME = AppIcon;
				COMBINE_HIDPI_IMAGES = YES;
				INFOPLIST_FILE = "Menubar D20/Info.plist";
				LD_RUNPATH_SEARCH_PATHS = "$(inherited) @executable_path/../Frameworks";
				PRODUCT_BUNDLE_IDENTIFIER = "com.camdenbickel.Menubar-D20";
				PRODUCT_NAME = "$(TARGET_NAME)";
			};
			name = Debug;
		};
		E9FEFAB31B74002A0091B698 /* Release */ = {
			isa = XCBuildConfiguration;
			buildSettings = {
				ASSETCATALOG_COMPILER_APPICON_NAME = AppIcon;
				COMBINE_HIDPI_IMAGES = YES;
				INFOPLIST_FILE = "Menubar D20/Info.plist";
				LD_RUNPATH_SEARCH_PATHS = "$(inherited) @executable_path/../Frameworks";
				PRODUCT_BUNDLE_IDENTIFIER = "com.camdenbickel.Menubar-D20";
				PRODUCT_NAME = "$(TARGET_NAME)";
			};
			name = Release;
		};
/* End XCBuildConfiguration section */

/* Begin XCConfigurationList section */
		E9C318D91B74060500C498C5 /* Build configuration list for PBXNativeTarget "Menubar D20Tests" */ = {
			isa = XCConfigurationList;
			buildConfigurations = (
				E9C318DA1B74060500C498C5 /* Debug */,
				E9C318DB1B74060500C498C5 /* Release */,
			);
			defaultConfigurationIsVisible = 0;
		};
		E9FEFA9F1B74002A0091B698 /* Build configuration list for PBXProject "Menubar D20" */ = {
			isa = XCConfigurationList;
			buildConfigurations = (
				E9FEFAAF1B74002A0091B698 /* Debug */,
				E9FEFAB01B74002A0091B698 /* Release */,
			);
			defaultConfigurationIsVisible = 0;
			defaultConfigurationName = Release;
		};
		E9FEFAB11B74002A0091B698 /* Build configuration list for PBXNativeTarget "Menubar D20" */ = {
			isa = XCConfigurationList;
			buildConfigurations = (
				E9FEFAB21B74002A0091B698 /* Debug */,
				E9FEFAB31B74002A0091B698 /* Release */,
			);
			defaultConfigurationIsVisible = 0;
			defaultConfigurationName = Release;
		};
/* End XCConfigurationList section */
	};
	rootObject = E9FEFA9C1B74002A0091B698 /* Project object */;
}
